// !$*UTF8*$!
{
	archiveVersion = 1;
	classes = {
	};
	objectVersion = 55;
	objects = {

/* Begin PBXBuildFile section */
		CF93DF9C28F4AD1300642AD4 /* PostCell.swift in Sources */ = {isa = PBXBuildFile; fileRef = CF93DF9B28F4AD1300642AD4 /* PostCell.swift */; };
		CFAE279928FCCEFD00FF52D2 /* CommentCell.swift in Sources */ = {isa = PBXBuildFile; fileRef = CFAE279828FCCEFC00FF52D2 /* CommentCell.swift */; };
		CFD724F928F36FB4002D5529 /* AppDelegate.swift in Sources */ = {isa = PBXBuildFile; fileRef = CFD724F828F36FB4002D5529 /* AppDelegate.swift */; };
		CFD724FB28F36FB4002D5529 /* SceneDelegate.swift in Sources */ = {isa = PBXBuildFile; fileRef = CFD724FA28F36FB4002D5529 /* SceneDelegate.swift */; };
		CFD7250028F36FB4002D5529 /* Main.storyboard in Resources */ = {isa = PBXBuildFile; fileRef = CFD724FE28F36FB4002D5529 /* Main.storyboard */; };
		CFD7250228F36FB7002D5529 /* Assets.xcassets in Resources */ = {isa = PBXBuildFile; fileRef = CFD7250128F36FB7002D5529 /* Assets.xcassets */; };
		CFD7250528F36FB7002D5529 /* LaunchScreen.storyboard in Resources */ = {isa = PBXBuildFile; fileRef = CFD7250328F36FB7002D5529 /* LaunchScreen.storyboard */; };
		CFD7251028F36FB7002D5529 /* InstagramTests.swift in Sources */ = {isa = PBXBuildFile; fileRef = CFD7250F28F36FB7002D5529 /* InstagramTests.swift */; };
		CFD7251A28F36FB7002D5529 /* InstagramUITests.swift in Sources */ = {isa = PBXBuildFile; fileRef = CFD7251928F36FB7002D5529 /* InstagramUITests.swift */; };
		CFD7251C28F36FB7002D5529 /* InstagramUITestsLaunchTests.swift in Sources */ = {isa = PBXBuildFile; fileRef = CFD7251B28F36FB7002D5529 /* InstagramUITestsLaunchTests.swift */; };
		CFEA15E928F38BD900103348 /* LoginViewController.swift in Sources */ = {isa = PBXBuildFile; fileRef = CFEA15E828F38BD900103348 /* LoginViewController.swift */; };
		CFEA15EB28F38BE900103348 /* FeedViewController.swift in Sources */ = {isa = PBXBuildFile; fileRef = CFEA15EA28F38BE900103348 /* FeedViewController.swift */; };
		CFFEDE2B28F3A8210035D845 /* CameraViewController.swift in Sources */ = {isa = PBXBuildFile; fileRef = CFFEDE2A28F3A8210035D845 /* CameraViewController.swift */; };
		DC4AFCCB2564825EB5FE1BC2 /* Pods_Instagram_InstagramUITests.framework in Frameworks */ = {isa = PBXBuildFile; fileRef = 1A077F5F06A7571E3F625DB0 /* Pods_Instagram_InstagramUITests.framework */; };
		F7E3985C80FEA9AACB75B374 /* Pods_Instagram.framework in Frameworks */ = {isa = PBXBuildFile; fileRef = 32A1313E7F8AFC2C8DF6177B /* Pods_Instagram.framework */; };
		FCB0E5F6C92087DACB284790 /* Pods_InstagramTests.framework in Frameworks */ = {isa = PBXBuildFile; fileRef = 7D0066D0F20E6FA81A03089B /* Pods_InstagramTests.framework */; };
/* End PBXBuildFile section */

/* Begin PBXContainerItemProxy section */
		CFD7250C28F36FB7002D5529 /* PBXContainerItemProxy */ = {
			isa = PBXContainerItemProxy;
			containerPortal = CFD724ED28F36FB3002D5529 /* Project object */;
			proxyType = 1;
			remoteGlobalIDString = CFD724F428F36FB4002D5529;
			remoteInfo = Instagram;
		};
		CFD7251628F36FB7002D5529 /* PBXContainerItemProxy */ = {
			isa = PBXContainerItemProxy;
			containerPortal = CFD724ED28F36FB3002D5529 /* Project object */;
			proxyType = 1;
			remoteGlobalIDString = CFD724F428F36FB4002D5529;
			remoteInfo = Instagram;
		};
/* End PBXContainerItemProxy section */

/* Begin PBXFileReference section */
		105B575C024B9D59AA44539F /* Pods-InstagramTests.debug.xcconfig */ = {isa = PBXFileReference; includeInIndex = 1; lastKnownFileType = text.xcconfig; name = "Pods-InstagramTests.debug.xcconfig"; path = "Target Support Files/Pods-InstagramTests/Pods-InstagramTests.debug.xcconfig"; sourceTree = "<group>"; };
		1A077F5F06A7571E3F625DB0 /* Pods_Instagram_InstagramUITests.framework */ = {isa = PBXFileReference; explicitFileType = wrapper.framework; includeInIndex = 0; path = Pods_Instagram_InstagramUITests.framework; sourceTree = BUILT_PRODUCTS_DIR; };
		32A1313E7F8AFC2C8DF6177B /* Pods_Instagram.framework */ = {isa = PBXFileReference; explicitFileType = wrapper.framework; includeInIndex = 0; path = Pods_Instagram.framework; sourceTree = BUILT_PRODUCTS_DIR; };
		3E5201170B744DBD2DA2E5AD /* Pods-Instagram-InstagramUITests.release.xcconfig */ = {isa = PBXFileReference; includeInIndex = 1; lastKnownFileType = text.xcconfig; name = "Pods-Instagram-InstagramUITests.release.xcconfig"; path = "Target Support Files/Pods-Instagram-InstagramUITests/Pods-Instagram-InstagramUITests.release.xcconfig"; sourceTree = "<group>"; };
		55FB2F96F1A189866FDBC1A6 /* Pods-Instagram.release.xcconfig */ = {isa = PBXFileReference; includeInIndex = 1; lastKnownFileType = text.xcconfig; name = "Pods-Instagram.release.xcconfig"; path = "Target Support Files/Pods-Instagram/Pods-Instagram.release.xcconfig"; sourceTree = "<group>"; };
		6FA70301037147FAF82B53D7 /* Pods-InstagramTests.release.xcconfig */ = {isa = PBXFileReference; includeInIndex = 1; lastKnownFileType = text.xcconfig; name = "Pods-InstagramTests.release.xcconfig"; path = "Target Support Files/Pods-InstagramTests/Pods-InstagramTests.release.xcconfig"; sourceTree = "<group>"; };
		74958670C7DFD73C99694758 /* Pods-Instagram.debug.xcconfig */ = {isa = PBXFileReference; includeInIndex = 1; lastKnownFileType = text.xcconfig; name = "Pods-Instagram.debug.xcconfig"; path = "Target Support Files/Pods-Instagram/Pods-Instagram.debug.xcconfig"; sourceTree = "<group>"; };
		7D0066D0F20E6FA81A03089B /* Pods_InstagramTests.framework */ = {isa = PBXFileReference; explicitFileType = wrapper.framework; includeInIndex = 0; path = Pods_InstagramTests.framework; sourceTree = BUILT_PRODUCTS_DIR; };
		B7B0D327B8D81EB4CBD1D6BF /* Pods-Instagram-InstagramUITests.debug.xcconfig */ = {isa = PBXFileReference; includeInIndex = 1; lastKnownFileType = text.xcconfig; name = "Pods-Instagram-InstagramUITests.debug.xcconfig"; path = "Target Support Files/Pods-Instagram-InstagramUITests/Pods-Instagram-InstagramUITests.debug.xcconfig"; sourceTree = "<group>"; };
		CF93DF9B28F4AD1300642AD4 /* PostCell.swift */ = {isa = PBXFileReference; lastKnownFileType = sourcecode.swift; path = PostCell.swift; sourceTree = "<group>"; };
		CFAE279828FCCEFC00FF52D2 /* CommentCell.swift */ = {isa = PBXFileReference; lastKnownFileType = sourcecode.swift; path = CommentCell.swift; sourceTree = "<group>"; };
		CFD724F528F36FB4002D5529 /* Instagram.app */ = {isa = PBXFileReference; explicitFileType = wrapper.application; includeInIndex = 0; path = Instagram.app; sourceTree = BUILT_PRODUCTS_DIR; };
		CFD724F828F36FB4002D5529 /* AppDelegate.swift */ = {isa = PBXFileReference; lastKnownFileType = sourcecode.swift; path = AppDelegate.swift; sourceTree = "<group>"; };
		CFD724FA28F36FB4002D5529 /* SceneDelegate.swift */ = {isa = PBXFileReference; lastKnownFileType = sourcecode.swift; path = SceneDelegate.swift; sourceTree = "<group>"; };
		CFD724FF28F36FB4002D5529 /* Base */ = {isa = PBXFileReference; lastKnownFileType = file.storyboard; name = Base; path = Base.lproj/Main.storyboard; sourceTree = "<group>"; };
		CFD7250128F36FB7002D5529 /* Assets.xcassets */ = {isa = PBXFileReference; lastKnownFileType = folder.assetcatalog; path = Assets.xcassets; sourceTree = "<group>"; };
		CFD7250428F36FB7002D5529 /* Base */ = {isa = PBXFileReference; lastKnownFileType = file.storyboard; name = Base; path = Base.lproj/LaunchScreen.storyboard; sourceTree = "<group>"; };
		CFD7250628F36FB7002D5529 /* Info.plist */ = {isa = PBXFileReference; lastKnownFileType = text.plist.xml; path = Info.plist; sourceTree = "<group>"; };
		CFD7250B28F36FB7002D5529 /* InstagramTests.xctest */ = {isa = PBXFileReference; explicitFileType = wrapper.cfbundle; includeInIndex = 0; path = InstagramTests.xctest; sourceTree = BUILT_PRODUCTS_DIR; };
		CFD7250F28F36FB7002D5529 /* InstagramTests.swift */ = {isa = PBXFileReference; lastKnownFileType = sourcecode.swift; path = InstagramTests.swift; sourceTree = "<group>"; };
		CFD7251528F36FB7002D5529 /* InstagramUITests.xctest */ = {isa = PBXFileReference; explicitFileType = wrapper.cfbundle; includeInIndex = 0; path = InstagramUITests.xctest; sourceTree = BUILT_PRODUCTS_DIR; };
		CFD7251928F36FB7002D5529 /* InstagramUITests.swift */ = {isa = PBXFileReference; lastKnownFileType = sourcecode.swift; path = InstagramUITests.swift; sourceTree = "<group>"; };
		CFD7251B28F36FB7002D5529 /* InstagramUITestsLaunchTests.swift */ = {isa = PBXFileReference; lastKnownFileType = sourcecode.swift; path = InstagramUITestsLaunchTests.swift; sourceTree = "<group>"; };
		CFEA15E828F38BD900103348 /* LoginViewController.swift */ = {isa = PBXFileReference; lastKnownFileType = sourcecode.swift; path = LoginViewController.swift; sourceTree = "<group>"; };
		CFEA15EA28F38BE900103348 /* FeedViewController.swift */ = {isa = PBXFileReference; lastKnownFileType = sourcecode.swift; path = FeedViewController.swift; sourceTree = "<group>"; };
		CFFEDE2A28F3A8210035D845 /* CameraViewController.swift */ = {isa = PBXFileReference; lastKnownFileType = sourcecode.swift; path = CameraViewController.swift; sourceTree = "<group>"; };
/* End PBXFileReference section */

/* Begin PBXFrameworksBuildPhase section */
		CFD724F228F36FB4002D5529 /* Frameworks */ = {
			isa = PBXFrameworksBuildPhase;
			buildActionMask = 2147483647;
			files = (
				F7E3985C80FEA9AACB75B374 /* Pods_Instagram.framework in Frameworks */,
			);
			runOnlyForDeploymentPostprocessing = 0;
		};
		CFD7250828F36FB7002D5529 /* Frameworks */ = {
			isa = PBXFrameworksBuildPhase;
			buildActionMask = 2147483647;
			files = (
				FCB0E5F6C92087DACB284790 /* Pods_InstagramTests.framework in Frameworks */,
			);
			runOnlyForDeploymentPostprocessing = 0;
		};
		CFD7251228F36FB7002D5529 /* Frameworks */ = {
			isa = PBXFrameworksBuildPhase;
			buildActionMask = 2147483647;
			files = (
				DC4AFCCB2564825EB5FE1BC2 /* Pods_Instagram_InstagramUITests.framework in Frameworks */,
			);
			runOnlyForDeploymentPostprocessing = 0;
		};
/* End PBXFrameworksBuildPhase section */

/* Begin PBXGroup section */
		85D0D1347DA07C7D5EED28BD /* Pods */ = {
			isa = PBXGroup;
			children = (
				74958670C7DFD73C99694758 /* Pods-Instagram.debug.xcconfig */,
				55FB2F96F1A189866FDBC1A6 /* Pods-Instagram.release.xcconfig */,
				B7B0D327B8D81EB4CBD1D6BF /* Pods-Instagram-InstagramUITests.debug.xcconfig */,
				3E5201170B744DBD2DA2E5AD /* Pods-Instagram-InstagramUITests.release.xcconfig */,
				105B575C024B9D59AA44539F /* Pods-InstagramTests.debug.xcconfig */,
				6FA70301037147FAF82B53D7 /* Pods-InstagramTests.release.xcconfig */,
			);
			path = Pods;
			sourceTree = "<group>";
		};
		A23455CC898FB095388769E2 /* Frameworks */ = {
			isa = PBXGroup;
			children = (
				32A1313E7F8AFC2C8DF6177B /* Pods_Instagram.framework */,
				1A077F5F06A7571E3F625DB0 /* Pods_Instagram_InstagramUITests.framework */,
				7D0066D0F20E6FA81A03089B /* Pods_InstagramTests.framework */,
			);
			name = Frameworks;
			sourceTree = "<group>";
		};
		CFD724EC28F36FB3002D5529 = {
			isa = PBXGroup;
			children = (
				CFD724F728F36FB4002D5529 /* Instagram */,
				CFD7250E28F36FB7002D5529 /* InstagramTests */,
				CFD7251828F36FB7002D5529 /* InstagramUITests */,
				CFD724F628F36FB4002D5529 /* Products */,
				85D0D1347DA07C7D5EED28BD /* Pods */,
				A23455CC898FB095388769E2 /* Frameworks */,
			);
			sourceTree = "<group>";
		};
		CFD724F628F36FB4002D5529 /* Products */ = {
			isa = PBXGroup;
			children = (
				CFD724F528F36FB4002D5529 /* Instagram.app */,
				CFD7250B28F36FB7002D5529 /* InstagramTests.xctest */,
				CFD7251528F36FB7002D5529 /* InstagramUITests.xctest */,
			);
			name = Products;
			sourceTree = "<group>";
		};
		CFD724F728F36FB4002D5529 /* Instagram */ = {
			isa = PBXGroup;
			children = (
				CFD724F828F36FB4002D5529 /* AppDelegate.swift */,
				CFD724FA28F36FB4002D5529 /* SceneDelegate.swift */,
				CFD724FE28F36FB4002D5529 /* Main.storyboard */,
				CFD7250128F36FB7002D5529 /* Assets.xcassets */,
				CFD7250328F36FB7002D5529 /* LaunchScreen.storyboard */,
				CFD7250628F36FB7002D5529 /* Info.plist */,
				CFEA15E828F38BD900103348 /* LoginViewController.swift */,
				CFEA15EA28F38BE900103348 /* FeedViewController.swift */,
				CFFEDE2A28F3A8210035D845 /* CameraViewController.swift */,
				CF93DF9B28F4AD1300642AD4 /* PostCell.swift */,
				CFAE279828FCCEFC00FF52D2 /* CommentCell.swift */,
			);
			path = Instagram;
			sourceTree = "<group>";
		};
		CFD7250E28F36FB7002D5529 /* InstagramTests */ = {
			isa = PBXGroup;
			children = (
				CFD7250F28F36FB7002D5529 /* InstagramTests.swift */,
			);
			path = InstagramTests;
			sourceTree = "<group>";
		};
		CFD7251828F36FB7002D5529 /* InstagramUITests */ = {
			isa = PBXGroup;
			children = (
				CFD7251928F36FB7002D5529 /* InstagramUITests.swift */,
				CFD7251B28F36FB7002D5529 /* InstagramUITestsLaunchTests.swift */,
			);
			path = InstagramUITests;
			sourceTree = "<group>";
		};
/* End PBXGroup section */

/* Begin PBXNativeTarget section */
		CFD724F428F36FB4002D5529 /* Instagram */ = {
			isa = PBXNativeTarget;
			buildConfigurationList = CFD7251F28F36FB7002D5529 /* Build configuration list for PBXNativeTarget "Instagram" */;
			buildPhases = (
				F4AB93699C4363E85890505D /* [CP] Check Pods Manifest.lock */,
				CFD724F128F36FB4002D5529 /* Sources */,
				CFD724F228F36FB4002D5529 /* Frameworks */,
				CFD724F328F36FB4002D5529 /* Resources */,
				8BC420B34688ADA89F499D86 /* [CP] Embed Pods Frameworks */,
			);
			buildRules = (
			);
			dependencies = (
			);
			name = Instagram;
			productName = Instagram;
			productReference = CFD724F528F36FB4002D5529 /* Instagram.app */;
			productType = "com.apple.product-type.application";
		};
		CFD7250A28F36FB7002D5529 /* InstagramTests */ = {
			isa = PBXNativeTarget;
			buildConfigurationList = CFD7252228F36FB7002D5529 /* Build configuration list for PBXNativeTarget "InstagramTests" */;
			buildPhases = (
				DAEEE68E46F2FE63807B9448 /* [CP] Check Pods Manifest.lock */,
				CFD7250728F36FB7002D5529 /* Sources */,
				CFD7250828F36FB7002D5529 /* Frameworks */,
				CFD7250928F36FB7002D5529 /* Resources */,
			);
			buildRules = (
			);
			dependencies = (
				CFD7250D28F36FB7002D5529 /* PBXTargetDependency */,
			);
			name = InstagramTests;
			productName = InstagramTests;
			productReference = CFD7250B28F36FB7002D5529 /* InstagramTests.xctest */;
			productType = "com.apple.product-type.bundle.unit-test";
		};
		CFD7251428F36FB7002D5529 /* InstagramUITests */ = {
			isa = PBXNativeTarget;
			buildConfigurationList = CFD7252528F36FB7002D5529 /* Build configuration list for PBXNativeTarget "InstagramUITests" */;
			buildPhases = (
				F72874F0AF0CD5578677B91D /* [CP] Check Pods Manifest.lock */,
				CFD7251128F36FB7002D5529 /* Sources */,
				CFD7251228F36FB7002D5529 /* Frameworks */,
				CFD7251328F36FB7002D5529 /* Resources */,
				3898669D969F0BAF9F6AAA50 /* [CP] Embed Pods Frameworks */,
			);
			buildRules = (
			);
			dependencies = (
				CFD7251728F36FB7002D5529 /* PBXTargetDependency */,
			);
			name = InstagramUITests;
			productName = InstagramUITests;
			productReference = CFD7251528F36FB7002D5529 /* InstagramUITests.xctest */;
			productType = "com.apple.product-type.bundle.ui-testing";
		};
/* End PBXNativeTarget section */

/* Begin PBXProject section */
		CFD724ED28F36FB3002D5529 /* Project object */ = {
			isa = PBXProject;
			attributes = {
				BuildIndependentTargetsInParallel = 1;
				LastSwiftUpdateCheck = 1340;
				LastUpgradeCheck = 1340;
				TargetAttributes = {
					CFD724F428F36FB4002D5529 = {
						CreatedOnToolsVersion = 13.4.1;
					};
					CFD7250A28F36FB7002D5529 = {
						CreatedOnToolsVersion = 13.4.1;
						TestTargetID = CFD724F428F36FB4002D5529;
					};
					CFD7251428F36FB7002D5529 = {
						CreatedOnToolsVersion = 13.4.1;
						TestTargetID = CFD724F428F36FB4002D5529;
					};
				};
			};
			buildConfigurationList = CFD724F028F36FB3002D5529 /* Build configuration list for PBXProject "Instagram" */;
			compatibilityVersion = "Xcode 13.0";
			developmentRegion = en;
			hasScannedForEncodings = 0;
			knownRegions = (
				en,
				Base,
			);
			mainGroup = CFD724EC28F36FB3002D5529;
			productRefGroup = CFD724F628F36FB4002D5529 /* Products */;
			projectDirPath = "";
			projectRoot = "";
			targets = (
				CFD724F428F36FB4002D5529 /* Instagram */,
				CFD7250A28F36FB7002D5529 /* InstagramTests */,
				CFD7251428F36FB7002D5529 /* InstagramUITests */,
			);
		};
/* End PBXProject section */

/* Begin PBXResourcesBuildPhase section */
		CFD724F328F36FB4002D5529 /* Resources */ = {
			isa = PBXResourcesBuildPhase;
			buildActionMask = 2147483647;
			files = (
				CFD7250528F36FB7002D5529 /* LaunchScreen.storyboard in Resources */,
				CFD7250228F36FB7002D5529 /* Assets.xcassets in Resources */,
				CFD7250028F36FB4002D5529 /* Main.storyboard in Resources */,
			);
			runOnlyForDeploymentPostprocessing = 0;
		};
		CFD7250928F36FB7002D5529 /* Resources */ = {
			isa = PBXResourcesBuildPhase;
			buildActionMask = 2147483647;
			files = (
			);
			runOnlyForDeploymentPostprocessing = 0;
		};
		CFD7251328F36FB7002D5529 /* Resources */ = {
			isa = PBXResourcesBuildPhase;
			buildActionMask = 2147483647;
			files = (
			);
			runOnlyForDeploymentPostprocessing = 0;
		};
/* End PBXResourcesBuildPhase section */

/* Begin PBXShellScriptBuildPhase section */
		3898669D969F0BAF9F6AAA50 /* [CP] Embed Pods Frameworks */ = {
			isa = PBXShellScriptBuildPhase;
			buildActionMask = 2147483647;
			files = (
			);
			inputFileListPaths = (
				"${PODS_ROOT}/Target Support Files/Pods-Instagram-InstagramUITests/Pods-Instagram-InstagramUITests-frameworks-${CONFIGURATION}-input-files.xcfilelist",
			);
			name = "[CP] Embed Pods Frameworks";
			outputFileListPaths = (
				"${PODS_ROOT}/Target Support Files/Pods-Instagram-InstagramUITests/Pods-Instagram-InstagramUITests-frameworks-${CONFIGURATION}-output-files.xcfilelist",
			);
			runOnlyForDeploymentPostprocessing = 0;
			shellPath = /bin/sh;
			shellScript = "\"${PODS_ROOT}/Target Support Files/Pods-Instagram-InstagramUITests/Pods-Instagram-InstagramUITests-frameworks.sh\"\n";
			showEnvVarsInLog = 0;
		};
		8BC420B34688ADA89F499D86 /* [CP] Embed Pods Frameworks */ = {
			isa = PBXShellScriptBuildPhase;
			buildActionMask = 2147483647;
			files = (
			);
			inputFileListPaths = (
				"${PODS_ROOT}/Target Support Files/Pods-Instagram/Pods-Instagram-frameworks-${CONFIGURATION}-input-files.xcfilelist",
			);
			name = "[CP] Embed Pods Frameworks";
			outputFileListPaths = (
				"${PODS_ROOT}/Target Support Files/Pods-Instagram/Pods-Instagram-frameworks-${CONFIGURATION}-output-files.xcfilelist",
			);
			runOnlyForDeploymentPostprocessing = 0;
			shellPath = /bin/sh;
			shellScript = "\"${PODS_ROOT}/Target Support Files/Pods-Instagram/Pods-Instagram-frameworks.sh\"\n";
			showEnvVarsInLog = 0;
		};
		DAEEE68E46F2FE63807B9448 /* [CP] Check Pods Manifest.lock */ = {
			isa = PBXShellScriptBuildPhase;
			buildActionMask = 2147483647;
			files = (
			);
			inputFileListPaths = (
			);
			inputPaths = (
				"${PODS_PODFILE_DIR_PATH}/Podfile.lock",
				"${PODS_ROOT}/Manifest.lock",
			);
			name = "[CP] Check Pods Manifest.lock";
			outputFileListPaths = (
			);
			outputPaths = (
				"$(DERIVED_FILE_DIR)/Pods-InstagramTests-checkManifestLockResult.txt",
			);
			runOnlyForDeploymentPostprocessing = 0;
			shellPath = /bin/sh;
			shellScript = "diff \"${PODS_PODFILE_DIR_PATH}/Podfile.lock\" \"${PODS_ROOT}/Manifest.lock\" > /dev/null\nif [ $? != 0 ] ; then\n    # print error to STDERR\n    echo \"error: The sandbox is not in sync with the Podfile.lock. Run 'pod install' or update your CocoaPods installation.\" >&2\n    exit 1\nfi\n# This output is used by Xcode 'outputs' to avoid re-running this script phase.\necho \"SUCCESS\" > \"${SCRIPT_OUTPUT_FILE_0}\"\n";
			showEnvVarsInLog = 0;
		};
		F4AB93699C4363E85890505D /* [CP] Check Pods Manifest.lock */ = {
			isa = PBXShellScriptBuildPhase;
			buildActionMask = 2147483647;
			files = (
			);
			inputFileListPaths = (
			);
			inputPaths = (
				"${PODS_PODFILE_DIR_PATH}/Podfile.lock",
				"${PODS_ROOT}/Manifest.lock",
			);
			name = "[CP] Check Pods Manifest.lock";
			outputFileListPaths = (
			);
			outputPaths = (
				"$(DERIVED_FILE_DIR)/Pods-Instagram-checkManifestLockResult.txt",
			);
			runOnlyForDeploymentPostprocessing = 0;
			shellPath = /bin/sh;
			shellScript = "diff \"${PODS_PODFILE_DIR_PATH}/Podfile.lock\" \"${PODS_ROOT}/Manifest.lock\" > /dev/null\nif [ $? != 0 ] ; then\n    # print error to STDERR\n    echo \"error: The sandbox is not in sync with the Podfile.lock. Run 'pod install' or update your CocoaPods installation.\" >&2\n    exit 1\nfi\n# This output is used by Xcode 'outputs' to avoid re-running this script phase.\necho \"SUCCESS\" > \"${SCRIPT_OUTPUT_FILE_0}\"\n";
			showEnvVarsInLog = 0;
		};
		F72874F0AF0CD5578677B91D /* [CP] Check Pods Manifest.lock */ = {
			isa = PBXShellScriptBuildPhase;
			buildActionMask = 2147483647;
			files = (
			);
			inputFileListPaths = (
			);
			inputPaths = (
				"${PODS_PODFILE_DIR_PATH}/Podfile.lock",
				"${PODS_ROOT}/Manifest.lock",
			);
			name = "[CP] Check Pods Manifest.lock";
			outputFileListPaths = (
			);
			outputPaths = (
				"$(DERIVED_FILE_DIR)/Pods-Instagram-InstagramUITests-checkManifestLockResult.txt",
			);
			runOnlyForDeploymentPostprocessing = 0;
			shellPath = /bin/sh;
			shellScript = "diff \"${PODS_PODFILE_DIR_PATH}/Podfile.lock\" \"${PODS_ROOT}/Manifest.lock\" > /dev/null\nif [ $? != 0 ] ; then\n    # print error to STDERR\n    echo \"error: The sandbox is not in sync with the Podfile.lock. Run 'pod install' or update your CocoaPods installation.\" >&2\n    exit 1\nfi\n# This output is used by Xcode 'outputs' to avoid re-running this script phase.\necho \"SUCCESS\" > \"${SCRIPT_OUTPUT_FILE_0}\"\n";
			showEnvVarsInLog = 0;
		};
/* End PBXShellScriptBuildPhase section */

/* Begin PBXSourcesBuildPhase section */
		CFD724F128F36FB4002D5529 /* Sources */ = {
			isa = PBXSourcesBuildPhase;
			buildActionMask = 2147483647;
			files = (
				CFEA15E928F38BD900103348 /* LoginViewController.swift in Sources */,
				CFFEDE2B28F3A8210035D845 /* CameraViewController.swift in Sources */,
				CFD724F928F36FB4002D5529 /* AppDelegate.swift in Sources */,
				CFEA15EB28F38BE900103348 /* FeedViewController.swift in Sources */,
				CFD724FB28F36FB4002D5529 /* SceneDelegate.swift in Sources */,
				CF93DF9C28F4AD1300642AD4 /* PostCell.swift in Sources */,
				CFAE279928FCCEFD00FF52D2 /* CommentCell.swift in Sources */,
			);
			runOnlyForDeploymentPostprocessing = 0;
		};
		CFD7250728F36FB7002D5529 /* Sources */ = {
			isa = PBXSourcesBuildPhase;
			buildActionMask = 2147483647;
			files = (
				CFD7251028F36FB7002D5529 /* InstagramTests.swift in Sources */,
			);
			runOnlyForDeploymentPostprocessing = 0;
		};
		CFD7251128F36FB7002D5529 /* Sources */ = {
			isa = PBXSourcesBuildPhase;
			buildActionMask = 2147483647;
			files = (
				CFD7251A28F36FB7002D5529 /* InstagramUITests.swift in Sources */,
				CFD7251C28F36FB7002D5529 /* InstagramUITestsLaunchTests.swift in Sources */,
			);
			runOnlyForDeploymentPostprocessing = 0;
		};
/* End PBXSourcesBuildPhase section */

/* Begin PBXTargetDependency section */
		CFD7250D28F36FB7002D5529 /* PBXTargetDependency */ = {
			isa = PBXTargetDependency;
			target = CFD724F428F36FB4002D5529 /* Instagram */;
			targetProxy = CFD7250C28F36FB7002D5529 /* PBXContainerItemProxy */;
		};
		CFD7251728F36FB7002D5529 /* PBXTargetDependency */ = {
			isa = PBXTargetDependency;
			target = CFD724F428F36FB4002D5529 /* Instagram */;
			targetProxy = CFD7251628F36FB7002D5529 /* PBXContainerItemProxy */;
		};
/* End PBXTargetDependency section */

/* Begin PBXVariantGroup section */
		CFD724FE28F36FB4002D5529 /* Main.storyboard */ = {
			isa = PBXVariantGroup;
			children = (
				CFD724FF28F36FB4002D5529 /* Base */,
			);
			name = Main.storyboard;
			sourceTree = "<group>";
		};
		CFD7250328F36FB7002D5529 /* LaunchScreen.storyboard */ = {
			isa = PBXVariantGroup;
			children = (
				CFD7250428F36FB7002D5529 /* Base */,
			);
			name = LaunchScreen.storyboard;
			sourceTree = "<group>";
		};
/* End PBXVariantGroup section */

/* Begin XCBuildConfiguration section */
		CFD7251D28F36FB7002D5529 /* Debug */ = {
			isa = XCBuildConfiguration;
			buildSettings = {
				ALWAYS_SEARCH_USER_PATHS = NO;
				CLANG_ANALYZER_NONNULL = YES;
				CLANG_ANALYZER_NUMBER_OBJECT_CONVERSION = YES_AGGRESSIVE;
				CLANG_CXX_LANGUAGE_STANDARD = "gnu++17";
				CLANG_ENABLE_MODULES = YES;
				CLANG_ENABLE_OBJC_ARC = YES;
				CLANG_ENABLE_OBJC_WEAK = YES;
				CLANG_WARN_BLOCK_CAPTURE_AUTORELEASING = YES;
				CLANG_WARN_BOOL_CONVERSION = YES;
				CLANG_WARN_COMMA = YES;
				CLANG_WARN_CONSTANT_CONVERSION = YES;
				CLANG_WARN_DEPRECATED_OBJC_IMPLEMENTATIONS = YES;
				CLANG_WARN_DIRECT_OBJC_ISA_USAGE = YES_ERROR;
				CLANG_WARN_DOCUMENTATION_COMMENTS = YES;
				CLANG_WARN_EMPTY_BODY = YES;
				CLANG_WARN_ENUM_CONVERSION = YES;
				CLANG_WARN_INFINITE_RECURSION = YES;
				CLANG_WARN_INT_CONVERSION = YES;
				CLANG_WARN_NON_LITERAL_NULL_CONVERSION = YES;
				CLANG_WARN_OBJC_IMPLICIT_RETAIN_SELF = YES;
				CLANG_WARN_OBJC_LITERAL_CONVERSION = YES;
				CLANG_WARN_OBJC_ROOT_CLASS = YES_ERROR;
				CLANG_WARN_QUOTED_INCLUDE_IN_FRAMEWORK_HEADER = YES;
				CLANG_WARN_RANGE_LOOP_ANALYSIS = YES;
				CLANG_WARN_STRICT_PROTOTYPES = YES;
				CLANG_WARN_SUSPICIOUS_MOVE = YES;
				CLANG_WARN_UNGUARDED_AVAILABILITY = YES_AGGRESSIVE;
				CLANG_WARN_UNREACHABLE_CODE = YES;
				CLANG_WARN__DUPLICATE_METHOD_MATCH = YES;
				COPY_PHASE_STRIP = NO;
				DEBUG_INFORMATION_FORMAT = dwarf;
				ENABLE_STRICT_OBJC_MSGSEND = YES;
				ENABLE_TESTABILITY = YES;
				GCC_C_LANGUAGE_STANDARD = gnu11;
				GCC_DYNAMIC_NO_PIC = NO;
				GCC_NO_COMMON_BLOCKS = YES;
				GCC_OPTIMIZATION_LEVEL = 0;
				GCC_PREPROCESSOR_DEFINITIONS = (
					"DEBUG=1",
					"$(inherited)",
				);
				GCC_WARN_64_TO_32_BIT_CONVERSION = YES;
				GCC_WARN_ABOUT_RETURN_TYPE = YES_ERROR;
				GCC_WARN_UNDECLARED_SELECTOR = YES;
				GCC_WARN_UNINITIALIZED_AUTOS = YES_AGGRESSIVE;
				GCC_WARN_UNUSED_FUNCTION = YES;
				GCC_WARN_UNUSED_VARIABLE = YES;
				IPHONEOS_DEPLOYMENT_TARGET = 15.5;
				MTL_ENABLE_DEBUG_INFO = INCLUDE_SOURCE;
				MTL_FAST_MATH = YES;
				ONLY_ACTIVE_ARCH = YES;
				SDKROOT = iphoneos;
				SWIFT_ACTIVE_COMPILATION_CONDITIONS = DEBUG;
				SWIFT_OPTIMIZATION_LEVEL = "-Onone";
			};
			name = Debug;
		};
		CFD7251E28F36FB7002D5529 /* Release */ = {
			isa = XCBuildConfiguration;
			buildSettings = {
				ALWAYS_SEARCH_USER_PATHS = NO;
				CLANG_ANALYZER_NONNULL = YES;
				CLANG_ANALYZER_NUMBER_OBJECT_CONVERSION = YES_AGGRESSIVE;
				CLANG_CXX_LANGUAGE_STANDARD = "gnu++17";
				CLANG_ENABLE_MODULES = YES;
				CLANG_ENABLE_OBJC_ARC = YES;
				CLANG_ENABLE_OBJC_WEAK = YES;
				CLANG_WARN_BLOCK_CAPTURE_AUTORELEASING = YES;
				CLANG_WARN_BOOL_CONVERSION = YES;
				CLANG_WARN_COMMA = YES;
				CLANG_WARN_CONSTANT_CONVERSION = YES;
				CLANG_WARN_DEPRECATED_OBJC_IMPLEMENTATIONS = YES;
				CLANG_WARN_DIRECT_OBJC_ISA_USAGE = YES_ERROR;
				CLANG_WARN_DOCUMENTATION_COMMENTS = YES;
				CLANG_WARN_EMPTY_BODY = YES;
				CLANG_WARN_ENUM_CONVERSION = YES;
				CLANG_WARN_INFINITE_RECURSION = YES;
				CLANG_WARN_INT_CONVERSION = YES;
				CLANG_WARN_NON_LITERAL_NULL_CONVERSION = YES;
				CLANG_WARN_OBJC_IMPLICIT_RETAIN_SELF = YES;
				CLANG_WARN_OBJC_LITERAL_CONVERSION = YES;
				CLANG_WARN_OBJC_ROOT_CLASS = YES_ERROR;
				CLANG_WARN_QUOTED_INCLUDE_IN_FRAMEWORK_HEADER = YES;
				CLANG_WARN_RANGE_LOOP_ANALYSIS = YES;
				CLANG_WARN_STRICT_PROTOTYPES = YES;
				CLANG_WARN_SUSPICIOUS_MOVE = YES;
				CLANG_WARN_UNGUARDED_AVAILABILITY = YES_AGGRESSIVE;
				CLANG_WARN_UNREACHABLE_CODE = YES;
				CLANG_WARN__DUPLICATE_METHOD_MATCH = YES;
				COPY_PHASE_STRIP = NO;
				DEBUG_INFORMATION_FORMAT = "dwarf-with-dsym";
				ENABLE_NS_ASSERTIONS = NO;
				ENABLE_STRICT_OBJC_MSGSEND = YES;
				GCC_C_LANGUAGE_STANDARD = gnu11;
				GCC_NO_COMMON_BLOCKS = YES;
				GCC_WARN_64_TO_32_BIT_CONVERSION = YES;
				GCC_WARN_ABOUT_RETURN_TYPE = YES_ERROR;
				GCC_WARN_UNDECLARED_SELECTOR = YES;
				GCC_WARN_UNINITIALIZED_AUTOS = YES_AGGRESSIVE;
				GCC_WARN_UNUSED_FUNCTION = YES;
				GCC_WARN_UNUSED_VARIABLE = YES;
				IPHONEOS_DEPLOYMENT_TARGET = 15.5;
				MTL_ENABLE_DEBUG_INFO = NO;
				MTL_FAST_MATH = YES;
				SDKROOT = iphoneos;
				SWIFT_COMPILATION_MODE = wholemodule;
				SWIFT_OPTIMIZATION_LEVEL = "-O";
				VALIDATE_PRODUCT = YES;
			};
			name = Release;
		};
		CFD7252028F36FB7002D5529 /* Debug */ = {
			isa = XCBuildConfiguration;
			baseConfigurationReference = 74958670C7DFD73C99694758 /* Pods-Instagram.debug.xcconfig */;
			buildSettings = {
				ASSETCATALOG_COMPILER_APPICON_NAME = AppIcon;
				ASSETCATALOG_COMPILER_GLOBAL_ACCENT_COLOR_NAME = AccentColor;
				CODE_SIGN_STYLE = Automatic;
				CURRENT_PROJECT_VERSION = 1;
				DEVELOPMENT_TEAM = H833NX6T95;
				GENERATE_INFOPLIST_FILE = YES;
				INFOPLIST_FILE = Instagram/Info.plist;
				INFOPLIST_KEY_UIApplicationSupportsIndirectInputEvents = YES;
				INFOPLIST_KEY_UILaunchStoryboardName = LaunchScreen;
				INFOPLIST_KEY_UIMainStoryboardFile = Main;
				INFOPLIST_KEY_UISupportedInterfaceOrientations_iPad = "UIInterfaceOrientationPortrait UIInterfaceOrientationPortraitUpsideDown UIInterfaceOrientationLandscapeLeft UIInterfaceOrientationLandscapeRight";
				INFOPLIST_KEY_UISupportedInterfaceOrientations_iPhone = "UIInterfaceOrientationPortrait UIInterfaceOrientationLandscapeLeft UIInterfaceOrientationLandscapeRight";
				LD_RUNPATH_SEARCH_PATHS = (
					"$(inherited)",
					"@executable_path/Frameworks",
				);
				MARKETING_VERSION = 1.0;
				PRODUCT_BUNDLE_IDENTIFIER = com.mayachidambaram.Instagram;
				PRODUCT_NAME = "$(TARGET_NAME)";
				SWIFT_EMIT_LOC_STRINGS = YES;
				SWIFT_VERSION = 5.0;
				TARGETED_DEVICE_FAMILY = "1,2";
			};
			name = Debug;
		};
		CFD7252128F36FB7002D5529 /* Release */ = {
			isa = XCBuildConfiguration;
			baseConfigurationReference = 55FB2F96F1A189866FDBC1A6 /* Pods-Instagram.release.xcconfig */;
			buildSettings = {
				ASSETCATALOG_COMPILER_APPICON_NAME = AppIcon;
				ASSETCATALOG_COMPILER_GLOBAL_ACCENT_COLOR_NAME = AccentColor;
				CODE_SIGN_STYLE = Automatic;
				CURRENT_PROJECT_VERSION = 1;
				DEVELOPMENT_TEAM = H833NX6T95;
				GENERATE_INFOPLIST_FILE = YES;
				INFOPLIST_FILE = Instagram/Info.plist;
				INFOPLIST_KEY_UIApplicationSupportsIndirectInputEvents = YES;
				INFOPLIST_KEY_UILaunchStoryboardName = LaunchScreen;
				INFOPLIST_KEY_UIMainStoryboardFile = Main;
				INFOPLIST_KEY_UISupportedInterfaceOrientations_iPad = "UIInterfaceOrientationPortrait UIInterfaceOrientationPortraitUpsideDown UIInterfaceOrientationLandscapeLeft UIInterfaceOrientationLandscapeRight";
				INFOPLIST_KEY_UISupportedInterfaceOrientations_iPhone = "UIInterfaceOrientationPortrait UIInterfaceOrientationLandscapeLeft UIInterfaceOrientationLandscapeRight";
				LD_RUNPATH_SEARCH_PATHS = (
					"$(inherited)",
					"@executable_path/Frameworks",
				);
				MARKETING_VERSION = 1.0;
				PRODUCT_BUNDLE_IDENTIFIER = com.mayachidambaram.Instagram;
				PRODUCT_NAME = "$(TARGET_NAME)";
				SWIFT_EMIT_LOC_STRINGS = YES;
				SWIFT_VERSION = 5.0;
				TARGETED_DEVICE_FAMILY = "1,2";
			};
			name = Release;
		};
		CFD7252328F36FB7002D5529 /* Debug */ = {
			isa = XCBuildConfiguration;
			baseConfigurationReference = 105B575C024B9D59AA44539F /* Pods-InstagramTests.debug.xcconfig */;
			buildSettings = {
				ALWAYS_EMBED_SWIFT_STANDARD_LIBRARIES = YES;
				BUNDLE_LOADER = "$(TEST_HOST)";
				CODE_SIGN_STYLE = Automatic;
				CURRENT_PROJECT_VERSION = 1;
				DEVELOPMENT_TEAM = H833NX6T95;
				GENERATE_INFOPLIST_FILE = YES;
				IPHONEOS_DEPLOYMENT_TARGET = 15.5;
				MARKETING_VERSION = 1.0;
				PRODUCT_BUNDLE_IDENTIFIER = com.mayachidambaram.InstagramTests;
				PRODUCT_NAME = "$(TARGET_NAME)";
				SWIFT_EMIT_LOC_STRINGS = NO;
				SWIFT_VERSION = 5.0;
				TARGETED_DEVICE_FAMILY = "1,2";
				TEST_HOST = "$(BUILT_PRODUCTS_DIR)/Instagram.app/Instagram";
			};
			name = Debug;
		};
		CFD7252428F36FB7002D5529 /* Release */ = {
			isa = XCBuildConfiguration;
			baseConfigurationReference = 6FA70301037147FAF82B53D7 /* Pods-InstagramTests.release.xcconfig */;
			buildSettings = {
				ALWAYS_EMBED_SWIFT_STANDARD_LIBRARIES = YES;
				BUNDLE_LOADER = "$(TEST_HOST)";
				CODE_SIGN_STYLE = Automatic;
				CURRENT_PROJECT_VERSION = 1;
				DEVELOPMENT_TEAM = H833NX6T95;
				GENERATE_INFOPLIST_FILE = YES;
				IPHONEOS_DEPLOYMENT_TARGET = 15.5;
				MARKETING_VERSION = 1.0;
				PRODUCT_BUNDLE_IDENTIFIER = com.mayachidambaram.InstagramTests;
				PRODUCT_NAME = "$(TARGET_NAME)";
				SWIFT_EMIT_LOC_STRINGS = NO;
				SWIFT_VERSION = 5.0;
				TARGETED_DEVICE_FAMILY = "1,2";
				TEST_HOST = "$(BUILT_PRODUCTS_DIR)/Instagram.app/Instagram";
			};
			name = Release;
		};
		CFD7252628F36FB7002D5529 /* Debug */ = {
			isa = XCBuildConfiguration;
			baseConfigurationReference = B7B0D327B8D81EB4CBD1D6BF /* Pods-Instagram-InstagramUITests.debug.xcconfig */;
			buildSettings = {
				ALWAYS_EMBED_SWIFT_STANDARD_LIBRARIES = YES;
				CODE_SIGN_STYLE = Automatic;
				CURRENT_PROJECT_VERSION = 1;
				DEVELOPMENT_TEAM = H833NX6T95;
				GENERATE_INFOPLIST_FILE = YES;
				MARKETING_VERSION = 1.0;
				PRODUCT_BUNDLE_IDENTIFIER = com.mayachidambaram.InstagramUITests;
				PRODUCT_NAME = "$(TARGET_NAME)";
				SWIFT_EMIT_LOC_STRINGS = NO;
				SWIFT_VERSION = 5.0;
				TARGETED_DEVICE_FAMILY = "1,2";
				TEST_TARGET_NAME = Instagram;
			};
			name = Debug;
		};
		CFD7252728F36FB7002D5529 /* Release */ = {
			isa = XCBuildConfiguration;
			baseConfigurationReference = 3E5201170B744DBD2DA2E5AD /* Pods-Instagram-InstagramUITests.release.xcconfig */;
			buildSettings = {
				ALWAYS_EMBED_SWIFT_STANDARD_LIBRARIES = YES;
				CODE_SIGN_STYLE = Automatic;
				CURRENT_PROJECT_VERSION = 1;
				DEVELOPMENT_TEAM = H833NX6T95;
				GENERATE_INFOPLIST_FILE = YES;
				MARKETING_VERSION = 1.0;
				PRODUCT_BUNDLE_IDENTIFIER = com.mayachidambaram.InstagramUITests;
				PRODUCT_NAME = "$(TARGET_NAME)";
				SWIFT_EMIT_LOC_STRINGS = NO;
				SWIFT_VERSION = 5.0;
				TARGETED_DEVICE_FAMILY = "1,2";
				TEST_TARGET_NAME = Instagram;
			};
			name = Release;
		};
/* End XCBuildConfiguration section */

/* Begin XCConfigurationList section */
		CFD724F028F36FB3002D5529 /* Build configuration list for PBXProject "Instagram" */ = {
			isa = XCConfigurationList;
			buildConfigurations = (
				CFD7251D28F36FB7002D5529 /* Debug */,
				CFD7251E28F36FB7002D5529 /* Release */,
			);
			defaultConfigurationIsVisible = 0;
			defaultConfigurationName = Release;
		};
		CFD7251F28F36FB7002D5529 /* Build configuration list for PBXNativeTarget "Instagram" */ = {
			isa = XCConfigurationList;
			buildConfigurations = (
				CFD7252028F36FB7002D5529 /* Debug */,
				CFD7252128F36FB7002D5529 /* Release */,
			);
			defaultConfigurationIsVisible = 0;
			defaultConfigurationName = Release;
		};
		CFD7252228F36FB7002D5529 /* Build configuration list for PBXNativeTarget "InstagramTests" */ = {
			isa = XCConfigurationList;
			buildConfigurations = (
				CFD7252328F36FB7002D5529 /* Debug */,
				CFD7252428F36FB7002D5529 /* Release */,
			);
			defaultConfigurationIsVisible = 0;
			defaultConfigurationName = Release;
		};
		CFD7252528F36FB7002D5529 /* Build configuration list for PBXNativeTarget "InstagramUITests" */ = {
			isa = XCConfigurationList;
			buildConfigurations = (
				CFD7252628F36FB7002D5529 /* Debug */,
				CFD7252728F36FB7002D5529 /* Release */,
			);
			defaultConfigurationIsVisible = 0;
			defaultConfigurationName = Release;
		};
/* End XCConfigurationList section */
	};
	rootObject = CFD724ED28F36FB3002D5529 /* Project object */;
}
